
Microsoft Visual Studio Solution File, Format Version 12.00
# Visual Studio 15
VisualStudioVersion = 15.0.27130.2027
MinimumVisualStudioVersion = 10.0.40219.1
Project("{FAE04EC0-301F-11D3-BF4B-00C04F79EFBC}") = "NitrogenCycle", "NitrogenCycle\NitrogenCycle.csproj", "{3E80509B-64CA-495F-AFF1-3C3E99B300E9}"
EndProject
Project("{54435603-DBB4-11D2-8724-00A0C9A8B90C}") = "NitrogenCycleSetup", "NitrogenCycleSetup\NitrogenCycleSetup.vdproj", "{C8990928-6EAD-4876-89A0-EF47654A31FD}"
EndProject
Global
	GlobalSection(SolutionConfigurationPlatforms) = preSolution
		Debug|Any CPU = Debug|Any CPU
		Release|Any CPU = Release|Any CPU
	EndGlobalSection
	GlobalSection(ProjectConfigurationPlatforms) = postSolution
		{3E80509B-64CA-495F-AFF1-3C3E99B300E9}.Debug|Any CPU.ActiveCfg = Debug|Any CPU
		{3E80509B-64CA-495F-AFF1-3C3E99B300E9}.Debug|Any CPU.Build.0 = Debug|Any CPU
		{3E80509B-64CA-495F-AFF1-3C3E99B300E9}.Release|Any CPU.ActiveCfg = Release|Any CPU
		{3E80509B-64CA-495F-AFF1-3C3E99B300E9}.Release|Any CPU.Build.0 = Release|Any CPU
		{C8990928-6EAD-4876-89A0-EF47654A31FD}.Debug|Any CPU.ActiveCfg = Debug
		{C8990928-6EAD-4876-89A0-EF47654A31FD}.Release|Any CPU.ActiveCfg = Release
	EndGlobalSection
	GlobalSection(SolutionProperties) = preSolution
		HideSolutionNode = FALSE
	EndGlobalSection
	GlobalSection(ExtensibilityGlobals) = postSolution
		SolutionGuid = {4FA5A0CF-1B27-41E6-AAAB-F8B354BBD978}
	EndGlobalSection
EndGlobal
